Microsoft Visual Studio Solution File, Format Version 12.00
# Visual Studio Version 17
VisualStudioVersion = 17.5.2.0
MinimumVisualStudioVersion = 10.0.40219.1
Project("{FAE04EC0-301F-11D3-BF4B-00C04F79EFBC}") = "ProductCodeApi", "ProductCodeApi.csproj", "{ADF632C3-02CA-EDB8-0273-DCA6442787B8}"
EndProject
Global
	GlobalSection(SolutionConfigurationPlatforms) = preSolution
		Debug|Any CPU = Debug|Any CPU
		Release|Any CPU = Release|Any CPU
	EndGlobalSection
	GlobalSection(ProjectConfigurationPlatforms) = postSolution
		{ADF632C3-02CA-EDB8-0273-DCA6442787B8}.Debug|Any CPU.ActiveCfg = Debug|Any CPU
		{ADF632C3-02CA-EDB8-0273-DCA6442787B8}.Debug|Any CPU.Build.0 = Debug|Any CPU
		{ADF632C3-02CA-EDB8-0273-DCA6442787B8}.Release|Any CPU.ActiveCfg = Release|Any CPU
		{ADF632C3-02CA-EDB8-0273-DCA6442787B8}.Release|Any CPU.Build.0 = Release|Any CPU
	EndGlobalSection
	GlobalSection(SolutionProperties) = preSolution
		HideSolutionNode = FALSE
	EndGlobalSection
	GlobalSection(ExtensibilityGlobals) = postSolution
		SolutionGuid = {9826ED5F-CB3D-4228-B65D-CA688BC18927}
	EndGlobalSection
EndGlobal
